
Microsoft Visual Studio Solution File, Format Version 12.00
# Visual Studio Version 17
VisualStudioVersion = 17.6.33723.286
MinimumVisualStudioVersion = 10.0.40219.1
Project("{FAE04EC0-301F-11D3-BF4B-00C04F79EFBC}") = "MoviesApi", "MoviesApi\MoviesApi.csproj", "{ACD68EA3-7F30-4FF2-A36C-7E7BDEC98E55}"
EndProject
Global
	GlobalSection(SolutionConfigurationPlatforms) = preSolution
		Debug|Any CPU = Debug|Any CPU
		Release|Any CPU = Release|Any CPU
	EndGlobalSection
	GlobalSection(ProjectConfigurationPlatforms) = postSolution
		{ACD68EA3-7F30-4FF2-A36C-7E7BDEC98E55}.Debug|Any CPU.ActiveCfg = Debug|Any CPU
		{ACD68EA3-7F30-4FF2-A36C-7E7BDEC98E55}.Debug|Any CPU.Build.0 = Debug|Any CPU
		{ACD68EA3-7F30-4FF2-A36C-7E7BDEC98E55}.Release|Any CPU.ActiveCfg = Release|Any CPU
		{ACD68EA3-7F30-4FF2-A36C-7E7BDEC98E55}.Release|Any CPU.Build.0 = Release|Any CPU
	EndGlobalSection
	GlobalSection(SolutionProperties) = preSolution
		HideSolutionNode = FALSE
	EndGlobalSection
	GlobalSection(ExtensibilityGlobals) = postSolution
		SolutionGuid = {405FD5B3-5753-43C5-96B9-3B30DF55D8A2}
	EndGlobalSection
EndGlobal
